// !$*UTF8*$!
{
	archiveVersion = 1;
	classes = {
	};
	objectVersion = 46;
	objects = {

/* Begin PBXBuildFile section */
		4622A509F675CBD3AB9FF2C9 /* Pods_Pokedex_by_cmb.framework in Frameworks */ = {isa = PBXBuildFile; fileRef = 6DD97E5A5CCB0CB34BB174B0 /* Pods_Pokedex_by_cmb.framework */; };
		8301C4791C41DB6B0055BC5C /* csv.swift in Sources */ = {isa = PBXBuildFile; fileRef = 8301C4781C41DB6B0055BC5C /* csv.swift */; };
		8301C6081C42B97D001A9C4E /* Pokemon.ttf in Resources */ = {isa = PBXBuildFile; fileRef = 8301C6071C42B97D001A9C4E /* Pokemon.ttf */; };
		8301C60A1C42C11B001A9C4E /* music.mp3 in Resources */ = {isa = PBXBuildFile; fileRef = 8301C6091C42C11B001A9C4E /* music.mp3 */; };
		8301C60C1C43113B001A9C4E /* PokemonDetailVC.swift in Sources */ = {isa = PBXBuildFile; fileRef = 8301C60B1C43113B001A9C4E /* PokemonDetailVC.swift */; };
		835588441C416752009FDD0B /* AppDelegate.swift in Sources */ = {isa = PBXBuildFile; fileRef = 835588431C416752009FDD0B /* AppDelegate.swift */; };
		835588461C416752009FDD0B /* ViewController.swift in Sources */ = {isa = PBXBuildFile; fileRef = 835588451C416752009FDD0B /* ViewController.swift */; };
		835588491C416752009FDD0B /* Main.storyboard in Resources */ = {isa = PBXBuildFile; fileRef = 835588471C416752009FDD0B /* Main.storyboard */; };
		8355884B1C416752009FDD0B /* Assets.xcassets in Resources */ = {isa = PBXBuildFile; fileRef = 8355884A1C416752009FDD0B /* Assets.xcassets */; };
		8355884E1C416752009FDD0B /* LaunchScreen.storyboard in Resources */ = {isa = PBXBuildFile; fileRef = 8355884C1C416752009FDD0B /* LaunchScreen.storyboard */; };
		835588561C416C02009FDD0B /* pokemon.csv in Resources */ = {isa = PBXBuildFile; fileRef = 835588551C416C02009FDD0B /* pokemon.csv */; };
		8355885B1C416DD3009FDD0B /* Pokemon.swift in Sources */ = {isa = PBXBuildFile; fileRef = 8355885A1C416DD3009FDD0B /* Pokemon.swift */; };
		8355885D1C4182E9009FDD0B /* PokeCell.swift in Sources */ = {isa = PBXBuildFile; fileRef = 8355885C1C4182E9009FDD0B /* PokeCell.swift */; };
		836D139C1C4D4FE30047B544 /* Constants.swift in Sources */ = {isa = PBXBuildFile; fileRef = 836D139B1C4D4FE30047B544 /* Constants.swift */; };
/* End PBXBuildFile section */

/* Begin PBXFileReference section */
		559978E2827445803F038ED0 /* Pods-Pokedex-by-cmb.release.xcconfig */ = {isa = PBXFileReference; includeInIndex = 1; lastKnownFileType = text.xcconfig; name = "Pods-Pokedex-by-cmb.release.xcconfig"; path = "Pods/Target Support Files/Pods-Pokedex-by-cmb/Pods-Pokedex-by-cmb.release.xcconfig"; sourceTree = "<group>"; };
		6DD97E5A5CCB0CB34BB174B0 /* Pods_Pokedex_by_cmb.framework */ = {isa = PBXFileReference; explicitFileType = wrapper.framework; includeInIndex = 0; path = Pods_Pokedex_by_cmb.framework; sourceTree = BUILT_PRODUCTS_DIR; };
		8301C4781C41DB6B0055BC5C /* csv.swift */ = {isa = PBXFileReference; fileEncoding = 4; lastKnownFileType = sourcecode.swift; path = csv.swift; sourceTree = "<group>"; };
		8301C6071C42B97D001A9C4E /* Pokemon.ttf */ = {isa = PBXFileReference; lastKnownFileType = file; path = Pokemon.ttf; sourceTree = "<group>"; };
		8301C6091C42C11B001A9C4E /* music.mp3 */ = {isa = PBXFileReference; lastKnownFileType = audio.mp3; path = music.mp3; sourceTree = "<group>"; };
		8301C60B1C43113B001A9C4E /* PokemonDetailVC.swift */ = {isa = PBXFileReference; fileEncoding = 4; lastKnownFileType = sourcecode.swift; path = PokemonDetailVC.swift; sourceTree = "<group>"; };
		835588401C416752009FDD0B /* Pokedex-by-cmb.app */ = {isa = PBXFileReference; explicitFileType = wrapper.application; includeInIndex = 0; path = "Pokedex-by-cmb.app"; sourceTree = BUILT_PRODUCTS_DIR; };
		835588431C416752009FDD0B /* AppDelegate.swift */ = {isa = PBXFileReference; lastKnownFileType = sourcecode.swift; path = AppDelegate.swift; sourceTree = "<group>"; };
		835588451C416752009FDD0B /* ViewController.swift */ = {isa = PBXFileReference; lastKnownFileType = sourcecode.swift; path = ViewController.swift; sourceTree = "<group>"; };
		835588481C416752009FDD0B /* Base */ = {isa = PBXFileReference; lastKnownFileType = file.storyboard; name = Base; path = Base.lproj/Main.storyboard; sourceTree = "<group>"; };
		8355884A1C416752009FDD0B /* Assets.xcassets */ = {isa = PBXFileReference; lastKnownFileType = folder.assetcatalog; path = Assets.xcassets; sourceTree = "<group>"; };
		8355884D1C416752009FDD0B /* Base */ = {isa = PBXFileReference; lastKnownFileType = file.storyboard; name = Base; path = Base.lproj/LaunchScreen.storyboard; sourceTree = "<group>"; };
		8355884F1C416752009FDD0B /* Info.plist */ = {isa = PBXFileReference; lastKnownFileType = text.plist.xml; path = Info.plist; sourceTree = "<group>"; };
		835588551C416C02009FDD0B /* pokemon.csv */ = {isa = PBXFileReference; fileEncoding = 4; lastKnownFileType = text; path = pokemon.csv; sourceTree = "<group>"; };
		8355885A1C416DD3009FDD0B /* Pokemon.swift */ = {isa = PBXFileReference; fileEncoding = 4; lastKnownFileType = sourcecode.swift; path = Pokemon.swift; sourceTree = "<group>"; };
		8355885C1C4182E9009FDD0B /* PokeCell.swift */ = {isa = PBXFileReference; fileEncoding = 4; lastKnownFileType = sourcecode.swift; path = PokeCell.swift; sourceTree = "<group>"; };
		836D139B1C4D4FE30047B544 /* Constants.swift */ = {isa = PBXFileReference; fileEncoding = 4; lastKnownFileType = sourcecode.swift; path = Constants.swift; sourceTree = "<group>"; };
		B29D69D8E39EEDBDC66E872A /* Pods-Pokedex-by-cmb.debug.xcconfig */ = {isa = PBXFileReference; includeInIndex = 1; lastKnownFileType = text.xcconfig; name = "Pods-Pokedex-by-cmb.debug.xcconfig"; path = "Pods/Target Support Files/Pods-Pokedex-by-cmb/Pods-Pokedex-by-cmb.debug.xcconfig"; sourceTree = "<group>"; };
/* End PBXFileReference section */

/* Begin PBXFrameworksBuildPhase section */
		8355883D1C416752009FDD0B /* Frameworks */ = {
			isa = PBXFrameworksBuildPhase;
			buildActionMask = 2147483647;
			files = (
				4622A509F675CBD3AB9FF2C9 /* Pods_Pokedex_by_cmb.framework in Frameworks */,
			);
			runOnlyForDeploymentPostprocessing = 0;
		};
/* End PBXFrameworksBuildPhase section */

/* Begin PBXGroup section */
		8301C47A1C41DB880055BC5C /* Util */ = {
			isa = PBXGroup;
			children = (
				8301C4781C41DB6B0055BC5C /* csv.swift */,
				836D139B1C4D4FE30047B544 /* Constants.swift */,
			);
			name = Util;
			sourceTree = "<group>";
		};
		8301C47B1C41DBDF0055BC5C /* Resources */ = {
			isa = PBXGroup;
			children = (
				8301C6091C42C11B001A9C4E /* music.mp3 */,
				8301C6071C42B97D001A9C4E /* Pokemon.ttf */,
				835588551C416C02009FDD0B /* pokemon.csv */,
			);
			name = Resources;
			sourceTree = "<group>";
		};
		835588371C416752009FDD0B = {
			isa = PBXGroup;
			children = (
				835588421C416752009FDD0B /* Pokedex-by-cmb */,
				835588411C416752009FDD0B /* Products */,
				9AFE287E8FE000EEA68FDDA7 /* Pods */,
				9E7D806C58A900C220ED3D8E /* Frameworks */,
			);
			sourceTree = "<group>";
		};
		835588411C416752009FDD0B /* Products */ = {
			isa = PBXGroup;
			children = (
				835588401C416752009FDD0B /* Pokedex-by-cmb.app */,
			);
			name = Products;
			sourceTree = "<group>";
		};
		835588421C416752009FDD0B /* Pokedex-by-cmb */ = {
			isa = PBXGroup;
			children = (
				835588571C416D9D009FDD0B /* Model */,
				835588581C416DA4009FDD0B /* View */,
				835588591C416DAB009FDD0B /* Controller */,
				8301C47A1C41DB880055BC5C /* Util */,
				8301C47B1C41DBDF0055BC5C /* Resources */,
				835588431C416752009FDD0B /* AppDelegate.swift */,
				835588471C416752009FDD0B /* Main.storyboard */,
				8355884A1C416752009FDD0B /* Assets.xcassets */,
				8355884C1C416752009FDD0B /* LaunchScreen.storyboard */,
				8355884F1C416752009FDD0B /* Info.plist */,
			);
			path = "Pokedex-by-cmb";
			sourceTree = "<group>";
		};
		835588571C416D9D009FDD0B /* Model */ = {
			isa = PBXGroup;
			children = (
				8355885A1C416DD3009FDD0B /* Pokemon.swift */,
			);
			name = Model;
			sourceTree = "<group>";
		};
		835588581C416DA4009FDD0B /* View */ = {
			isa = PBXGroup;
			children = (
				8355885C1C4182E9009FDD0B /* PokeCell.swift */,
			);
			name = View;
			sourceTree = "<group>";
		};
		835588591C416DAB009FDD0B /* Controller */ = {
			isa = PBXGroup;
			children = (
				835588451C416752009FDD0B /* ViewController.swift */,
				8301C60B1C43113B001A9C4E /* PokemonDetailVC.swift */,
			);
			name = Controller;
			sourceTree = "<group>";
		};
		9AFE287E8FE000EEA68FDDA7 /* Pods */ = {
			isa = PBXGroup;
			children = (
				B29D69D8E39EEDBDC66E872A /* Pods-Pokedex-by-cmb.debug.xcconfig */,
				559978E2827445803F038ED0 /* Pods-Pokedex-by-cmb.release.xcconfig */,
			);
			name = Pods;
			sourceTree = "<group>";
		};
		9E7D806C58A900C220ED3D8E /* Frameworks */ = {
			isa = PBXGroup;
			children = (
				6DD97E5A5CCB0CB34BB174B0 /* Pods_Pokedex_by_cmb.framework */,
			);
			name = Frameworks;
			sourceTree = "<group>";
		};
/* End PBXGroup section */

/* Begin PBXNativeTarget section */
		8355883F1C416752009FDD0B /* Pokedex-by-cmb */ = {
			isa = PBXNativeTarget;
			buildConfigurationList = 835588521C416752009FDD0B /* Build configuration list for PBXNativeTarget "Pokedex-by-cmb" */;
			buildPhases = (
				0D2196F18E3D21F352F9C43D /* Check Pods Manifest.lock */,
				8355883C1C416752009FDD0B /* Sources */,
				8355883D1C416752009FDD0B /* Frameworks */,
				8355883E1C416752009FDD0B /* Resources */,
				9CD5DFF9DE2511316FBA5D08 /* Embed Pods Frameworks */,
				50A65CCA26681BE3A8D35C0D /* Copy Pods Resources */,
			);
			buildRules = (
			);
			dependencies = (
			);
			name = "Pokedex-by-cmb";
			productName = "Pokedex-by-cmb";
			productReference = 835588401C416752009FDD0B /* Pokedex-by-cmb.app */;
			productType = "com.apple.product-type.application";
		};
/* End PBXNativeTarget section */

/* Begin PBXProject section */
		835588381C416752009FDD0B /* Project object */ = {
			isa = PBXProject;
			attributes = {
				LastSwiftUpdateCheck = 0720;
				LastUpgradeCheck = 0720;
				ORGANIZATIONNAME = "Chris Bouquet";
				TargetAttributes = {
					8355883F1C416752009FDD0B = {
						CreatedOnToolsVersion = 7.2;
					};
				};
			};
			buildConfigurationList = 8355883B1C416752009FDD0B /* Build configuration list for PBXProject "Pokedex-by-cmb" */;
			compatibilityVersion = "Xcode 3.2";
			developmentRegion = English;
			hasScannedForEncodings = 0;
			knownRegions = (
				en,
				Base,
			);
			mainGroup = 835588371C416752009FDD0B;
			productRefGroup = 835588411C416752009FDD0B /* Products */;
			projectDirPath = "";
			projectRoot = "";
			targets = (
				8355883F1C416752009FDD0B /* Pokedex-by-cmb */,
			);
		};
/* End PBXProject section */

/* Begin PBXResourcesBuildPhase section */
		8355883E1C416752009FDD0B /* Resources */ = {
			isa = PBXResourcesBuildPhase;
			buildActionMask = 2147483647;
			files = (
				8355884E1C416752009FDD0B /* LaunchScreen.storyboard in Resources */,
				8301C6081C42B97D001A9C4E /* Pokemon.ttf in Resources */,
				8301C60A1C42C11B001A9C4E /* music.mp3 in Resources */,
				8355884B1C416752009FDD0B /* Assets.xcassets in Resources */,
				835588561C416C02009FDD0B /* pokemon.csv in Resources */,
				835588491C416752009FDD0B /* Main.storyboard in Resources */,
			);
			runOnlyForDeploymentPostprocessing = 0;
		};
/* End PBXResourcesBuildPhase section */

/* Begin PBXShellScriptBuildPhase section */
		0D2196F18E3D21F352F9C43D /* Check Pods Manifest.lock */ = {
			isa = PBXShellScriptBuildPhase;
			buildActionMask = 2147483647;
			files = (
			);
			inputPaths = (
			);
			name = "Check Pods Manifest.lock";
			outputPaths = (
			);
			runOnlyForDeploymentPostprocessing = 0;
			shellPath = /bin/sh;
			shellScript = "diff \"${PODS_ROOT}/../Podfile.lock\" \"${PODS_ROOT}/Manifest.lock\" > /dev/null\nif [[ $? != 0 ]] ; then\n    cat << EOM\nerror: The sandbox is not in sync with the Podfile.lock. Run 'pod install' or update your CocoaPods installation.\nEOM\n    exit 1\nfi\n";
			showEnvVarsInLog = 0;
		};
		50A65CCA26681BE3A8D35C0D /* Copy Pods Resources */ = {
			isa = PBXShellScriptBuildPhase;
			buildActionMask = 2147483647;
			files = (
			);
			inputPaths = (
			);
			name = "Copy Pods Resources";
			outputPaths = (
			);
			runOnlyForDeploymentPostprocessing = 0;
			shellPath = /bin/sh;
			shellScript = "\"${SRCROOT}/Pods/Target Support Files/Pods-Pokedex-by-cmb/Pods-Pokedex-by-cmb-resources.sh\"\n";
			showEnvVarsInLog = 0;
		};
		9CD5DFF9DE2511316FBA5D08 /* Embed Pods Frameworks */ = {
			isa = PBXShellScriptBuildPhase;
			buildActionMask = 2147483647;
			files = (
			);
			inputPaths = (
			);
			name = "Embed Pods Frameworks";
			outputPaths = (
			);
			runOnlyForDeploymentPostprocessing = 0;
			shellPath = /bin/sh;
			shellScript = "\"${SRCROOT}/Pods/Target Support Files/Pods-Pokedex-by-cmb/Pods-Pokedex-by-cmb-frameworks.sh\"\n";
			showEnvVarsInLog = 0;
		};
/* End PBXShellScriptBuildPhase section */

/* Begin PBXSourcesBuildPhase section */
		8355883C1C416752009FDD0B /* Sources */ = {
			isa = PBXSourcesBuildPhase;
			buildActionMask = 2147483647;
			files = (
				8355885D1C4182E9009FDD0B /* PokeCell.swift in Sources */,
				835588461C416752009FDD0B /* ViewController.swift in Sources */,
				835588441C416752009FDD0B /* AppDelegate.swift in Sources */,
				8301C60C1C43113B001A9C4E /* PokemonDetailVC.swift in Sources */,
				836D139C1C4D4FE30047B544 /* Constants.swift in Sources */,
				8355885B1C416DD3009FDD0B /* Pokemon.swift in Sources */,
				8301C4791C41DB6B0055BC5C /* csv.swift in Sources */,
			);
			runOnlyForDeploymentPostprocessing = 0;
		};
/* End PBXSourcesBuildPhase section */

/* Begin PBXVariantGroup section */
		835588471C416752009FDD0B /* Main.storyboard */ = {
			isa = PBXVariantGroup;
			children = (
				835588481C416752009FDD0B /* Base */,
			);
			name = Main.storyboard;
			sourceTree = "<group>";
		};
		8355884C1C416752009FDD0B /* LaunchScreen.storyboard */ = {
			isa = PBXVariantGroup;
			children = (
				8355884D1C416752009FDD0B /* Base */,
			);
			name = LaunchScreen.storyboard;
			sourceTree = "<group>";
		};
/* End PBXVariantGroup section */

/* Begin XCBuildConfiguration section */
		835588501C416752009FDD0B /* Debug */ = {
			isa = XCBuildConfiguration;
			buildSettings = {
				ALWAYS_SEARCH_USER_PATHS = NO;
				CLANG_CXX_LANGUAGE_STANDARD = "gnu++0x";
				CLANG_CXX_LIBRARY = "libc++";
				CLANG_ENABLE_MODULES = YES;
				CLANG_ENABLE_OBJC_ARC = YES;
				CLANG_WARN_BOOL_CONVERSION = YES;
				CLANG_WARN_CONSTANT_CONVERSION = YES;
				CLANG_WARN_DIRECT_OBJC_ISA_USAGE = YES_ERROR;
				CLANG_WARN_EMPTY_BODY = YES;
				CLANG_WARN_ENUM_CONVERSION = YES;
				CLANG_WARN_INT_CONVERSION = YES;
				CLANG_WARN_OBJC_ROOT_CLASS = YES_ERROR;
				CLANG_WARN_UNREACHABLE_CODE = YES;
				CLANG_WARN__DUPLICATE_METHOD_MATCH = YES;
				"CODE_SIGN_IDENTITY[sdk=iphoneos*]" = "iPhone Developer";
				COPY_PHASE_STRIP = NO;
				DEBUG_INFORMATION_FORMAT = dwarf;
				ENABLE_STRICT_OBJC_MSGSEND = YES;
				ENABLE_TESTABILITY = YES;
				GCC_C_LANGUAGE_STANDARD = gnu99;
				GCC_DYNAMIC_NO_PIC = NO;
				GCC_NO_COMMON_BLOCKS = YES;
				GCC_OPTIMIZATION_LEVEL = 0;
				GCC_PREPROCESSOR_DEFINITIONS = (
					"DEBUG=1",
					"$(inherited)",
				);
				GCC_WARN_64_TO_32_BIT_CONVERSION = YES;
				GCC_WARN_ABOUT_RETURN_TYPE = YES_ERROR;
				GCC_WARN_UNDECLARED_SELECTOR = YES;
				GCC_WARN_UNINITIALIZED_AUTOS = YES_AGGRESSIVE;
				GCC_WARN_UNUSED_FUNCTION = YES;
				GCC_WARN_UNUSED_VARIABLE = YES;
				IPHONEOS_DEPLOYMENT_TARGET = 9.2;
				MTL_ENABLE_DEBUG_INFO = YES;
				ONLY_ACTIVE_ARCH = YES;
				SDKROOT = iphoneos;
				SWIFT_OPTIMIZATION_LEVEL = "-Onone";
				TARGETED_DEVICE_FAMILY = "1,2";
			};
			name = Debug;
		};
		835588511C416752009FDD0B /* Release */ = {
			isa = XCBuildConfiguration;
			buildSettings = {
				ALWAYS_SEARCH_USER_PATHS = NO;
				CLANG_CXX_LANGUAGE_STANDARD = "gnu++0x";
				CLANG_CXX_LIBRARY = "libc++";
				CLANG_ENABLE_MODULES = YES;
				CLANG_ENABLE_OBJC_ARC = YES;
				CLANG_WARN_BOOL_CONVERSION = YES;
				CLANG_WARN_CONSTANT_CONVERSION = YES;
				CLANG_WARN_DIRECT_OBJC_ISA_USAGE = YES_ERROR;
				CLANG_WARN_EMPTY_BODY = YES;
				CLANG_WARN_ENUM_CONVERSION = YES;
				CLANG_WARN_INT_CONVERSION = YES;
				CLANG_WARN_OBJC_ROOT_CLASS = YES_ERROR;
				CLANG_WARN_UNREACHABLE_CODE = YES;
				CLANG_WARN__DUPLICATE_METHOD_MATCH = YES;
				"CODE_SIGN_IDENTITY[sdk=iphoneos*]" = "iPhone Developer";
				COPY_PHASE_STRIP = NO;
				DEBUG_INFORMATION_FORMAT = "dwarf-with-dsym";
				ENABLE_NS_ASSERTIONS = NO;
				ENABLE_STRICT_OBJC_MSGSEND = YES;
				GCC_C_LANGUAGE_STANDARD = gnu99;
				GCC_NO_COMMON_BLOCKS = YES;
				GCC_WARN_64_TO_32_BIT_CONVERSION = YES;
				GCC_WARN_ABOUT_RETURN_TYPE = YES_ERROR;
				GCC_WARN_UNDECLARED_SELECTOR = YES;
				GCC_WARN_UNINITIALIZED_AUTOS = YES_AGGRESSIVE;
				GCC_WARN_UNUSED_FUNCTION = YES;
				GCC_WARN_UNUSED_VARIABLE = YES;
				IPHONEOS_DEPLOYMENT_TARGET = 9.2;
				MTL_ENABLE_DEBUG_INFO = NO;
				SDKROOT = iphoneos;
				TARGETED_DEVICE_FAMILY = "1,2";
				VALIDATE_PRODUCT = YES;
			};
			name = Release;
		};
		835588531C416752009FDD0B /* Debug */ = {
			isa = XCBuildConfiguration;
			baseConfigurationReference = B29D69D8E39EEDBDC66E872A /* Pods-Pokedex-by-cmb.debug.xcconfig */;
			buildSettings = {
				ASSETCATALOG_COMPILER_APPICON_NAME = AppIcon;
				INFOPLIST_FILE = "Pokedex-by-cmb/Info.plist";
				LD_RUNPATH_SEARCH_PATHS = "$(inherited) @executable_path/Frameworks";
				PRODUCT_BUNDLE_IDENTIFIER = "self.edu.CMB.Pokedex-by-cmb";
				PRODUCT_NAME = "$(TARGET_NAME)";
			};
			name = Debug;
		};
		835588541C416752009FDD0B /* Release */ = {
			isa = XCBuildConfiguration;
			baseConfigurationReference = 559978E2827445803F038ED0 /* Pods-Pokedex-by-cmb.release.xcconfig */;
			buildSettings = {
				ASSETCATALOG_COMPILER_APPICON_NAME = AppIcon;
				INFOPLIST_FILE = "Pokedex-by-cmb/Info.plist";
				LD_RUNPATH_SEARCH_PATHS = "$(inherited) @executable_path/Frameworks";
				PRODUCT_BUNDLE_IDENTIFIER = "self.edu.CMB.Pokedex-by-cmb";
				PRODUCT_NAME = "$(TARGET_NAME)";
			};
			name = Release;
		};
/* End XCBuildConfiguration section */

/* Begin XCConfigurationList section */
		8355883B1C416752009FDD0B /* Build configuration list for PBXProject "Pokedex-by-cmb" */ = {
			isa = XCConfigurationList;
			buildConfigurations = (
				835588501C416752009FDD0B /* Debug */,
				835588511C416752009FDD0B /* Release */,
			);
			defaultConfigurationIsVisible = 0;
			defaultConfigurationName = Release;
		};
		835588521C416752009FDD0B /* Build configuration list for PBXNativeTarget "Pokedex-by-cmb" */ = {
			isa = XCConfigurationList;
			buildConfigurations = (
				835588531C416752009FDD0B /* Debug */,
				835588541C416752009FDD0B /* Release */,
			);
			defaultConfigurationIsVisible = 0;
			defaultConfigurationName = Release;
		};
/* End XCConfigurationList section */
	};
	rootObject = 835588381C416752009FDD0B /* Project object */;
}
